{
    "_readme": [
        "This file locks the dependencies of your project to a known state",
        "Read more about it at https://getcomposer.org/doc/01-basic-usage.md#installing-dependencies",
        "This file is @generated automatically"
    ],
    "content-hash": "fcc3a983344106a681ec5dd2d07cc155",
    "packages": [
        {
            "name": "phpstan/phpstan",
            "version": "0.12.5",
            "source": {
                "type": "git",
                "url": "https://github.com/phpstan/phpstan.git",
                "reference": "71a20c18f06c53605251a00a8efe443fa85225d1"
            },
            "dist": {
                "type": "zip",
                "url": "https://api.github.com/repos/phpstan/phpstan/zipball/71a20c18f06c53605251a00a8efe443fa85225d1",
                "reference": "71a20c18f06c53605251a00a8efe443fa85225d1",
                "shasum": ""
            },
            "require": {
                "php": "^7.1"
            },
            "bin": [
                "phpstan",
                "phpstan.phar"
            ],
            "type": "library",
            "extra": {
                "branch-alias": {
                    "dev-master": "0.12-dev"
                }
            },
            "autoload": {
                "files": [
                    "bootstrap.php"
                ]
            },
            "notification-url": "https://packagist.org/downloads/",
            "license": [
                "MIT"
            ],
            "description": "PHPStan - PHP Static Analysis Tool",
            "time": "2020-01-12T14:31:21+00:00"
        }
    ],
    "packages-dev": [
        {
            "name": "dharple/outsanity-phpcs",
            "version": "0.2.0",
            "source": {
                "type": "git",
                "url": "https://github.com/dharple/outsanity-phpcs.git",
                "reference": "87686f6b3f338d9ddf73fd88103c37552ef82ea1"
            },
            "dist": {
                "type": "zip",
                "url": "https://api.github.com/repos/dharple/outsanity-phpcs/zipball/87686f6b3f338d9ddf73fd88103c37552ef82ea1",
                "reference": "87686f6b3f338d9ddf73fd88103c37552ef82ea1",
                "shasum": ""
            },
            "require": {
                "ork/phpcs": "^2.0",
                "squizlabs/php_codesniffer": "^3.5"
            },
            "type": "library",
            "notification-url": "https://packagist.org/downloads/",
            "license": [
                "BSD-2-Clause"
            ],
            "authors": [
                {
                    "name": "Doug Harple",
                    "email": "dharple@gmail.com"
                }
            ],
            "description": "My personal PHPCS rules",
            "time": "2020-01-14T13:44:45+00:00"
        },
        {
            "name": "ork/phpcs",
            "version": "2.1.0",
            "source": {
                "type": "git",
                "url": "https://github.com/AlexHowansky/ork-phpcs.git",
                "reference": "89c2bc11889d26140218d54e0b9cdb2371809b84"
            },
            "dist": {
                "type": "zip",
                "url": "https://api.github.com/repos/AlexHowansky/ork-phpcs/zipball/89c2bc11889d26140218d54e0b9cdb2371809b84",
                "reference": "89c2bc11889d26140218d54e0b9cdb2371809b84",
                "shasum": ""
            },
            "require": {
                "squizlabs/php_codesniffer": "^3.5.3"
            },
            "type": "library",
            "notification-url": "https://packagist.org/downloads/",
            "license": [
                "MIT"
            ],
            "authors": [
                {
                    "name": "Alex Howansky",
                    "email": "alex.howansky@gmail.com",
                    "homepage": "https://github.com/AlexHowansky"
                }
            ],
            "description": "A set of PHPCS rules that describe the Ork coding standard.",
            "homepage": "http://github.com/AlexHowansky/ork-phpcs",
            "time": "2020-01-14T18:00:38+00:00"
        },
        {
            "name": "squizlabs/php_codesniffer",
            "version": "3.5.3",
            "source": {
                "type": "git",
                "url": "https://github.com/squizlabs/PHP_CodeSniffer.git",
                "reference": "557a1fc7ac702c66b0bbfe16ab3d55839ef724cb"
            },
            "dist": {
                "type": "zip",
                "url": "https://api.github.com/repos/squizlabs/PHP_CodeSniffer/zipball/557a1fc7ac702c66b0bbfe16ab3d55839ef724cb",
                "reference": "557a1fc7ac702c66b0bbfe16ab3d55839ef724cb",
                "shasum": ""
            },
            "require": {
                "ext-simplexml": "*",
                "ext-tokenizer": "*",
                "ext-xmlwriter": "*",
                "php": ">=5.4.0"
            },
            "require-dev": {
                "phpunit/phpunit": "^4.0 || ^5.0 || ^6.0 || ^7.0"
            },
            "bin": [
                "bin/phpcs",
                "bin/phpcbf"
            ],
            "type": "library",
            "extra": {
                "branch-alias": {
                    "dev-master": "3.x-dev"
                }
            },
            "notification-url": "https://packagist.org/downloads/",
            "license": [
                "BSD-3-Clause"
            ],
            "authors": [
                {
                    "name": "Greg Sherwood",
                    "role": "lead"
                }
            ],
            "description": "PHP_CodeSniffer tokenizes PHP, JavaScript and CSS files and detects violations of a defined set of coding standards.",
            "homepage": "https://github.com/squizlabs/PHP_CodeSniffer",
            "keywords": [
                "phpcs",
                "standards"
            ],
            "time": "2019-12-04T04:46:47+00:00"
        }
    ],
    "aliases": [],
    "minimum-stability": "stable",
    "stability-flags": [],
    "prefer-stable": false,
    "prefer-lowest": false,
    "platform": [],
    "platform-dev": []
}
